
Microsoft Visual Studio Solution File, Format Version 12.00
# Visual Studio Version 16
VisualStudioVersion = 16.0.32228.343
MinimumVisualStudioVersion = 10.0.40219.1
Project("{9A19103F-16F7-4668-BE54-9A1E7A4F7556}") = "DoorSystemFunctions", "DoorSystemFunctions.csproj", "{FE79E8ED-C623-4928-BA76-69F394FCE2E8}"
EndProject
Project("{FAE04EC0-301F-11D3-BF4B-00C04F79EFBC}") = "DeviceSimulator", "..\DeviceSimulator\DeviceSimulator.csproj", "{C45DEBB7-9513-4021-9524-21CB9FD0EF15}"
EndProject
Project("{FAE04EC0-301F-11D3-BF4B-00C04F79EFBC}") = "DoorSystemAPI", "..\DoorSystemAPI\DoorSystemAPI.csproj", "{780E6A66-0B3D-4393-8C4E-3E88892E480D}"
EndProject
Global
	GlobalSection(SolutionConfigurationPlatforms) = preSolution
		Debug|Any CPU = Debug|Any CPU
		Release|Any CPU = Release|Any CPU
	EndGlobalSection
	GlobalSection(ProjectConfigurationPlatforms) = postSolution
		{FE79E8ED-C623-4928-BA76-69F394FCE2E8}.Debug|Any CPU.ActiveCfg = Debug|Any CPU
		{FE79E8ED-C623-4928-BA76-69F394FCE2E8}.Debug|Any CPU.Build.0 = Debug|Any CPU
		{FE79E8ED-C623-4928-BA76-69F394FCE2E8}.Release|Any CPU.ActiveCfg = Release|Any CPU
		{FE79E8ED-C623-4928-BA76-69F394FCE2E8}.Release|Any CPU.Build.0 = Release|Any CPU
		{C45DEBB7-9513-4021-9524-21CB9FD0EF15}.Debug|Any CPU.ActiveCfg = Debug|Any CPU
		{C45DEBB7-9513-4021-9524-21CB9FD0EF15}.Debug|Any CPU.Build.0 = Debug|Any CPU
		{C45DEBB7-9513-4021-9524-21CB9FD0EF15}.Release|Any CPU.ActiveCfg = Release|Any CPU
		{C45DEBB7-9513-4021-9524-21CB9FD0EF15}.Release|Any CPU.Build.0 = Release|Any CPU
		{780E6A66-0B3D-4393-8C4E-3E88892E480D}.Debug|Any CPU.ActiveCfg = Debug|Any CPU
		{780E6A66-0B3D-4393-8C4E-3E88892E480D}.Debug|Any CPU.Build.0 = Debug|Any CPU
		{780E6A66-0B3D-4393-8C4E-3E88892E480D}.Release|Any CPU.ActiveCfg = Release|Any CPU
		{780E6A66-0B3D-4393-8C4E-3E88892E480D}.Release|Any CPU.Build.0 = Release|Any CPU
	EndGlobalSection
	GlobalSection(SolutionProperties) = preSolution
		HideSolutionNode = FALSE
	EndGlobalSection
	GlobalSection(ExtensibilityGlobals) = postSolution
		SolutionGuid = {85E0ECA3-0553-4288-B92F-FD6B2409295C}
	EndGlobalSection
EndGlobal
